// !$*UTF8*$!
{
	archiveVersion = 1;
	classes = {
	};
	objectVersion = 46;
	objects = {

/* Begin PBXBuildFile section */
		C112C01F1935AE41001F6E94 /* Foundation.framework in Frameworks */ = {isa = PBXBuildFile; fileRef = C112C01E1935AE41001F6E94 /* Foundation.framework */; };
		C112C0211935AE41001F6E94 /* CoreGraphics.framework in Frameworks */ = {isa = PBXBuildFile; fileRef = C112C0201935AE41001F6E94 /* CoreGraphics.framework */; };
		C112C0231935AE41001F6E94 /* UIKit.framework in Frameworks */ = {isa = PBXBuildFile; fileRef = C112C0221935AE41001F6E94 /* UIKit.framework */; };
		C112C0291935AE41001F6E94 /* InfoPlist.strings in Resources */ = {isa = PBXBuildFile; fileRef = C112C0271935AE41001F6E94 /* InfoPlist.strings */; };
		C112C02B1935AE41001F6E94 /* main.m in Sources */ = {isa = PBXBuildFile; fileRef = C112C02A1935AE41001F6E94 /* main.m */; };
		C112C02F1935AE41001F6E94 /* AppDelegate.m in Sources */ = {isa = PBXBuildFile; fileRef = C112C02E1935AE41001F6E94 /* AppDelegate.m */; };
		C112C0351935AE41001F6E94 /* ViewController.m in Sources */ = {isa = PBXBuildFile; fileRef = C112C0341935AE41001F6E94 /* ViewController.m */; };
		C112C0371935AE41001F6E94 /* Images.xcassets in Resources */ = {isa = PBXBuildFile; fileRef = C112C0361935AE41001F6E94 /* Images.xcassets */; };
		C112C03E1935AE41001F6E94 /* XCTest.framework in Frameworks */ = {isa = PBXBuildFile; fileRef = C112C03D1935AE41001F6E94 /* XCTest.framework */; };
		C112C03F1935AE41001F6E94 /* Foundation.framework in Frameworks */ = {isa = PBXBuildFile; fileRef = C112C01E1935AE41001F6E94 /* Foundation.framework */; };
		C112C0401935AE41001F6E94 /* UIKit.framework in Frameworks */ = {isa = PBXBuildFile; fileRef = C112C0221935AE41001F6E94 /* UIKit.framework */; };
		C112C0481935AE41001F6E94 /* InfoPlist.strings in Resources */ = {isa = PBXBuildFile; fileRef = C112C0461935AE41001F6E94 /* InfoPlist.strings */; };
		C112C04A1935AE41001F6E94 /* AfNetworking_DemoTests.m in Sources */ = {isa = PBXBuildFile; fileRef = C112C0491935AE41001F6E94 /* AfNetworking_DemoTests.m */; };
		C112C0541935AE8C001F6E94 /* ViewController.xib in Resources */ = {isa = PBXBuildFile; fileRef = C112C0531935AE8C001F6E94 /* ViewController.xib */; };
		C112C07B1935B159001F6E94 /* AFHTTPRequestOperation.m in Sources */ = {isa = PBXBuildFile; fileRef = C112C0571935B159001F6E94 /* AFHTTPRequestOperation.m */; };
		C112C07C1935B159001F6E94 /* AFHTTPRequestOperationManager.m in Sources */ = {isa = PBXBuildFile; fileRef = C112C0591935B159001F6E94 /* AFHTTPRequestOperationManager.m */; };
		C112C07D1935B159001F6E94 /* AFHTTPSessionManager.m in Sources */ = {isa = PBXBuildFile; fileRef = C112C05B1935B159001F6E94 /* AFHTTPSessionManager.m */; };
		C112C07E1935B159001F6E94 /* AFNetworkReachabilityManager.m in Sources */ = {isa = PBXBuildFile; fileRef = C112C05E1935B159001F6E94 /* AFNetworkReachabilityManager.m */; };
		C112C07F1935B159001F6E94 /* AFSecurityPolicy.m in Sources */ = {isa = PBXBuildFile; fileRef = C112C0601935B159001F6E94 /* AFSecurityPolicy.m */; };
		C112C0801935B159001F6E94 /* AFURLConnectionOperation.m in Sources */ = {isa = PBXBuildFile; fileRef = C112C0621935B159001F6E94 /* AFURLConnectionOperation.m */; };
		C112C0811935B159001F6E94 /* AFURLRequestSerialization.m in Sources */ = {isa = PBXBuildFile; fileRef = C112C0641935B159001F6E94 /* AFURLRequestSerialization.m */; };
		C112C0821935B159001F6E94 /* AFURLResponseSerialization.m in Sources */ = {isa = PBXBuildFile; fileRef = C112C0661935B159001F6E94 /* AFURLResponseSerialization.m */; };
		C112C0831935B159001F6E94 /* AFURLSessionManager.m in Sources */ = {isa = PBXBuildFile; fileRef = C112C0681935B159001F6E94 /* AFURLSessionManager.m */; };
		C112C0841935B159001F6E94 /* AFNetworkActivityIndicatorManager.m in Sources */ = {isa = PBXBuildFile; fileRef = C112C06B1935B159001F6E94 /* AFNetworkActivityIndicatorManager.m */; };
		C112C0851935B159001F6E94 /* UIActivityIndicatorView+AFNetworking.m in Sources */ = {isa = PBXBuildFile; fileRef = C112C06D1935B159001F6E94 /* UIActivityIndicatorView+AFNetworking.m */; };
		C112C0861935B159001F6E94 /* UIAlertView+AFNetworking.m in Sources */ = {isa = PBXBuildFile; fileRef = C112C06F1935B159001F6E94 /* UIAlertView+AFNetworking.m */; };
		C112C0871935B159001F6E94 /* UIButton+AFNetworking.m in Sources */ = {isa = PBXBuildFile; fileRef = C112C0711935B159001F6E94 /* UIButton+AFNetworking.m */; };
		C112C0881935B159001F6E94 /* UIImageView+AFNetworking.m in Sources */ = {isa = PBXBuildFile; fileRef = C112C0731935B159001F6E94 /* UIImageView+AFNetworking.m */; };
		C112C0891935B159001F6E94 /* UIProgressView+AFNetworking.m in Sources */ = {isa = PBXBuildFile; fileRef = C112C0761935B159001F6E94 /* UIProgressView+AFNetworking.m */; };
		C112C08A1935B159001F6E94 /* UIRefreshControl+AFNetworking.m in Sources */ = {isa = PBXBuildFile; fileRef = C112C0781935B159001F6E94 /* UIRefreshControl+AFNetworking.m */; };
		C112C08B1935B159001F6E94 /* UIWebView+AFNetworking.m in Sources */ = {isa = PBXBuildFile; fileRef = C112C07A1935B159001F6E94 /* UIWebView+AFNetworking.m */; };
		C112C0911935F3E8001F6E94 /* NSDictionary+weather.m in Sources */ = {isa = PBXBuildFile; fileRef = C112C0901935F3E8001F6E94 /* NSDictionary+weather.m */; };
		C15A658F19389407002D7145 /* XMLReader.m in Sources */ = {isa = PBXBuildFile; fileRef = C15A658E19389407002D7145 /* XMLReader.m */; };
		C1D4FF1C1941E1C30050075E /* NSObject+SBJSON.m in Sources */ = {isa = PBXBuildFile; fileRef = C1D4FF111941E1C20050075E /* NSObject+SBJSON.m */; settings = {COMPILER_FLAGS = "-fno-objc-arc"; }; };
		C1D4FF1D1941E1C30050075E /* NSString+SBJSON.m in Sources */ = {isa = PBXBuildFile; fileRef = C1D4FF131941E1C20050075E /* NSString+SBJSON.m */; settings = {COMPILER_FLAGS = "-fno-objc-arc"; }; };
		C1D4FF1E1941E1C30050075E /* SBJSON.m in Sources */ = {isa = PBXBuildFile; fileRef = C1D4FF151941E1C30050075E /* SBJSON.m */; settings = {COMPILER_FLAGS = "-fno-objc-arc"; }; };
		C1D4FF1F1941E1C30050075E /* SBJsonBase.m in Sources */ = {isa = PBXBuildFile; fileRef = C1D4FF171941E1C30050075E /* SBJsonBase.m */; settings = {COMPILER_FLAGS = "-fno-objc-arc"; }; };
		C1D4FF201941E1C30050075E /* SBJsonParser.m in Sources */ = {isa = PBXBuildFile; fileRef = C1D4FF191941E1C30050075E /* SBJsonParser.m */; settings = {COMPILER_FLAGS = "-fno-objc-arc"; }; };
		C1D4FF211941E1C30050075E /* SBJsonWriter.m in Sources */ = {isa = PBXBuildFile; fileRef = C1D4FF1B1941E1C30050075E /* SBJsonWriter.m */; settings = {COMPILER_FLAGS = "-fno-objc-arc"; }; };
/* End PBXBuildFile section */

/* Begin PBXContainerItemProxy section */
		C112C0411935AE41001F6E94 /* PBXContainerItemProxy */ = {
			isa = PBXContainerItemProxy;
			containerPortal = C112C0131935AE40001F6E94 /* Project object */;
			proxyType = 1;
			remoteGlobalIDString = C112C01A1935AE40001F6E94;
			remoteInfo = "AfNetworking Demo";
		};
/* End PBXContainerItemProxy section */

/* Begin PBXFileReference section */
		C112C01B1935AE41001F6E94 /* AfNetworking Demo.app */ = {isa = PBXFileReference; explicitFileType = wrapper.application; includeInIndex = 0; path = "AfNetworking Demo.app"; sourceTree = BUILT_PRODUCTS_DIR; };
		C112C01E1935AE41001F6E94 /* Foundation.framework */ = {isa = PBXFileReference; lastKnownFileType = wrapper.framework; name = Foundation.framework; path = System/Library/Frameworks/Foundation.framework; sourceTree = SDKROOT; };
		C112C0201935AE41001F6E94 /* CoreGraphics.framework */ = {isa = PBXFileReference; lastKnownFileType = wrapper.framework; name = CoreGraphics.framework; path = System/Library/Frameworks/CoreGraphics.framework; sourceTree = SDKROOT; };
		C112C0221935AE41001F6E94 /* UIKit.framework */ = {isa = PBXFileReference; lastKnownFileType = wrapper.framework; name = UIKit.framework; path = System/Library/Frameworks/UIKit.framework; sourceTree = SDKROOT; };
		C112C0261935AE41001F6E94 /* AfNetworking Demo-Info.plist */ = {isa = PBXFileReference; lastKnownFileType = text.plist.xml; path = "AfNetworking Demo-Info.plist"; sourceTree = "<group>"; };
		C112C0281935AE41001F6E94 /* en */ = {isa = PBXFileReference; lastKnownFileType = text.plist.strings; name = en; path = en.lproj/InfoPlist.strings; sourceTree = "<group>"; };
		C112C02A1935AE41001F6E94 /* main.m */ = {isa = PBXFileReference; lastKnownFileType = sourcecode.c.objc; path = main.m; sourceTree = "<group>"; };
		C112C02C1935AE41001F6E94 /* AfNetworking Demo-Prefix.pch */ = {isa = PBXFileReference; lastKnownFileType = sourcecode.c.h; path = "AfNetworking Demo-Prefix.pch"; sourceTree = "<group>"; };
		C112C02D1935AE41001F6E94 /* AppDelegate.h */ = {isa = PBXFileReference; lastKnownFileType = sourcecode.c.h; path = AppDelegate.h; sourceTree = "<group>"; };
		C112C02E1935AE41001F6E94 /* AppDelegate.m */ = {isa = PBXFileReference; lastKnownFileType = sourcecode.c.objc; path = AppDelegate.m; sourceTree = "<group>"; };
		C112C0331935AE41001F6E94 /* ViewController.h */ = {isa = PBXFileReference; lastKnownFileType = sourcecode.c.h; path = ViewController.h; sourceTree = "<group>"; };
		C112C0341935AE41001F6E94 /* ViewController.m */ = {isa = PBXFileReference; lastKnownFileType = sourcecode.c.objc; path = ViewController.m; sourceTree = "<group>"; };
		C112C0361935AE41001F6E94 /* Images.xcassets */ = {isa = PBXFileReference; lastKnownFileType = folder.assetcatalog; path = Images.xcassets; sourceTree = "<group>"; };
		C112C03C1935AE41001F6E94 /* AfNetworking DemoTests.xctest */ = {isa = PBXFileReference; explicitFileType = wrapper.cfbundle; includeInIndex = 0; path = "AfNetworking DemoTests.xctest"; sourceTree = BUILT_PRODUCTS_DIR; };
		C112C03D1935AE41001F6E94 /* XCTest.framework */ = {isa = PBXFileReference; lastKnownFileType = wrapper.framework; name = XCTest.framework; path = Library/Frameworks/XCTest.framework; sourceTree = DEVELOPER_DIR; };
		C112C0451935AE41001F6E94 /* AfNetworking DemoTests-Info.plist */ = {isa = PBXFileReference; lastKnownFileType = text.plist.xml; path = "AfNetworking DemoTests-Info.plist"; sourceTree = "<group>"; };
		C112C0471935AE41001F6E94 /* en */ = {isa = PBXFileReference; lastKnownFileType = text.plist.strings; name = en; path = en.lproj/InfoPlist.strings; sourceTree = "<group>"; };
		C112C0491935AE41001F6E94 /* AfNetworking_DemoTests.m */ = {isa = PBXFileReference; lastKnownFileType = sourcecode.c.objc; path = AfNetworking_DemoTests.m; sourceTree = "<group>"; };
		C112C0531935AE8C001F6E94 /* ViewController.xib */ = {isa = PBXFileReference; fileEncoding = 4; lastKnownFileType = file.xib; path = ViewController.xib; sourceTree = "<group>"; };
		C112C0561935B159001F6E94 /* AFHTTPRequestOperation.h */ = {isa = PBXFileReference; fileEncoding = 4; lastKnownFileType = sourcecode.c.h; path = AFHTTPRequestOperation.h; sourceTree = "<group>"; };
		C112C0571935B159001F6E94 /* AFHTTPRequestOperation.m */ = {isa = PBXFileReference; fileEncoding = 4; lastKnownFileType = sourcecode.c.objc; path = AFHTTPRequestOperation.m; sourceTree = "<group>"; };
		C112C0581935B159001F6E94 /* AFHTTPRequestOperationManager.h */ = {isa = PBXFileReference; fileEncoding = 4; lastKnownFileType = sourcecode.c.h; path = AFHTTPRequestOperationManager.h; sourceTree = "<group>"; };
		C112C0591935B159001F6E94 /* AFHTTPRequestOperationManager.m */ = {isa = PBXFileReference; fileEncoding = 4; lastKnownFileType = sourcecode.c.objc; path = AFHTTPRequestOperationManager.m; sourceTree = "<group>"; };
		C112C05A1935B159001F6E94 /* AFHTTPSessionManager.h */ = {isa = PBXFileReference; fileEncoding = 4; lastKnownFileType = sourcecode.c.h; path = AFHTTPSessionManager.h; sourceTree = "<group>"; };
		C112C05B1935B159001F6E94 /* AFHTTPSessionManager.m */ = {isa = PBXFileReference; fileEncoding = 4; lastKnownFileType = sourcecode.c.objc; path = AFHTTPSessionManager.m; sourceTree = "<group>"; };
		C112C05C1935B159001F6E94 /* AFNetworking.h */ = {isa = PBXFileReference; fileEncoding = 4; lastKnownFileType = sourcecode.c.h; path = AFNetworking.h; sourceTree = "<group>"; };
		C112C05D1935B159001F6E94 /* AFNetworkReachabilityManager.h */ = {isa = PBXFileReference; fileEncoding = 4; lastKnownFileType = sourcecode.c.h; path = AFNetworkReachabilityManager.h; sourceTree = "<group>"; };
		C112C05E1935B159001F6E94 /* AFNetworkReachabilityManager.m */ = {isa = PBXFileReference; fileEncoding = 4; lastKnownFileType = sourcecode.c.objc; path = AFNetworkReachabilityManager.m; sourceTree = "<group>"; };
		C112C05F1935B159001F6E94 /* AFSecurityPolicy.h */ = {isa = PBXFileReference; fileEncoding = 4; lastKnownFileType = sourcecode.c.h; path = AFSecurityPolicy.h; sourceTree = "<group>"; };
		C112C0601935B159001F6E94 /* AFSecurityPolicy.m */ = {isa = PBXFileReference; fileEncoding = 4; lastKnownFileType = sourcecode.c.objc; path = AFSecurityPolicy.m; sourceTree = "<group>"; };
		C112C0611935B159001F6E94 /* AFURLConnectionOperation.h */ = {isa = PBXFileReference; fileEncoding = 4; lastKnownFileType = sourcecode.c.h; path = AFURLConnectionOperation.h; sourceTree = "<group>"; };
		C112C0621935B159001F6E94 /* AFURLConnectionOperation.m */ = {isa = PBXFileReference; fileEncoding = 4; lastKnownFileType = sourcecode.c.objc; path = AFURLConnectionOperation.m; sourceTree = "<group>"; };
		C112C0631935B159001F6E94 /* AFURLRequestSerialization.h */ = {isa = PBXFileReference; fileEncoding = 4; lastKnownFileType = sourcecode.c.h; path = AFURLRequestSerialization.h; sourceTree = "<group>"; };
		C112C0641935B159001F6E94 /* AFURLRequestSerialization.m */ = {isa = PBXFileReference; fileEncoding = 4; lastKnownFileType = sourcecode.c.objc; path = AFURLRequestSerialization.m; sourceTree = "<group>"; };
		C112C0651935B159001F6E94 /* AFURLResponseSerialization.h */ = {isa = PBXFileReference; fileEncoding = 4; lastKnownFileType = sourcecode.c.h; path = AFURLResponseSerialization.h; sourceTree = "<group>"; };
		C112C0661935B159001F6E94 /* AFURLResponseSerialization.m */ = {isa = PBXFileReference; fileEncoding = 4; lastKnownFileType = sourcecode.c.objc; path = AFURLResponseSerialization.m; sourceTree = "<group>"; };
		C112C0671935B159001F6E94 /* AFURLSessionManager.h */ = {isa = PBXFileReference; fileEncoding = 4; lastKnownFileType = sourcecode.c.h; path = AFURLSessionManager.h; sourceTree = "<group>"; };
		C112C0681935B159001F6E94 /* AFURLSessionManager.m */ = {isa = PBXFileReference; fileEncoding = 4; lastKnownFileType = sourcecode.c.objc; path = AFURLSessionManager.m; sourceTree = "<group>"; };
		C112C06A1935B159001F6E94 /* AFNetworkActivityIndicatorManager.h */ = {isa = PBXFileReference; fileEncoding = 4; lastKnownFileType = sourcecode.c.h; path = AFNetworkActivityIndicatorManager.h; sourceTree = "<group>"; };
		C112C06B1935B159001F6E94 /* AFNetworkActivityIndicatorManager.m */ = {isa = PBXFileReference; fileEncoding = 4; lastKnownFileType = sourcecode.c.objc; path = AFNetworkActivityIndicatorManager.m; sourceTree = "<group>"; };
		C112C06C1935B159001F6E94 /* UIActivityIndicatorView+AFNetworking.h */ = {isa = PBXFileReference; fileEncoding = 4; lastKnownFileType = sourcecode.c.h; path = "UIActivityIndicatorView+AFNetworking.h"; sourceTree = "<group>"; };
		C112C06D1935B159001F6E94 /* UIActivityIndicatorView+AFNetworking.m */ = {isa = PBXFileReference; fileEncoding = 4; lastKnownFileType = sourcecode.c.objc; path = "UIActivityIndicatorView+AFNetworking.m"; sourceTree = "<group>"; };
		C112C06E1935B159001F6E94 /* UIAlertView+AFNetworking.h */ = {isa = PBXFileReference; fileEncoding = 4; lastKnownFileType = sourcecode.c.h; path = "UIAlertView+AFNetworking.h"; sourceTree = "<group>"; };
		C112C06F1935B159001F6E94 /* UIAlertView+AFNetworking.m */ = {isa = PBXFileReference; fileEncoding = 4; lastKnownFileType = sourcecode.c.objc; path = "UIAlertView+AFNetworking.m"; sourceTree = "<group>"; };
		C112C0701935B159001F6E94 /* UIButton+AFNetworking.h */ = {isa = PBXFileReference; fileEncoding = 4; lastKnownFileType = sourcecode.c.h; path = "UIButton+AFNetworking.h"; sourceTree = "<group>"; };
		C112C0711935B159001F6E94 /* UIButton+AFNetworking.m */ = {isa = PBXFileReference; fileEncoding = 4; lastKnownFileType = sourcecode.c.objc; path = "UIButton+AFNetworking.m"; sourceTree = "<group>"; };
		C112C0721935B159001F6E94 /* UIImageView+AFNetworking.h */ = {isa = PBXFileReference; fileEncoding = 4; lastKnownFileType = sourcecode.c.h; path = "UIImageView+AFNetworking.h"; sourceTree = "<group>"; };
		C112C0731935B159001F6E94 /* UIImageView+AFNetworking.m */ = {isa = PBXFileReference; fileEncoding = 4; lastKnownFileType = sourcecode.c.objc; path = "UIImageView+AFNetworking.m"; sourceTree = "<group>"; };
		C112C0741935B159001F6E94 /* UIKit+AFNetworking.h */ = {isa = PBXFileReference; fileEncoding = 4; lastKnownFileType = sourcecode.c.h; path = "UIKit+AFNetworking.h"; sourceTree = "<group>"; };
		C112C0751935B159001F6E94 /* UIProgressView+AFNetworking.h */ = {isa = PBXFileReference; fileEncoding = 4; lastKnownFileType = sourcecode.c.h; path = "UIProgressView+AFNetworking.h"; sourceTree = "<group>"; };
		C112C0761935B159001F6E94 /* UIProgressView+AFNetworking.m */ = {isa = PBXFileReference; fileEncoding = 4; lastKnownFileType = sourcecode.c.objc; path = "UIProgressView+AFNetworking.m"; sourceTree = "<group>"; };
		C112C0771935B159001F6E94 /* UIRefreshControl+AFNetworking.h */ = {isa = PBXFileReference; fileEncoding = 4; lastKnownFileType = sourcecode.c.h; path = "UIRefreshControl+AFNetworking.h"; sourceTree = "<group>"; };
		C112C0781935B159001F6E94 /* UIRefreshControl+AFNetworking.m */ = {isa = PBXFileReference; fileEncoding = 4; lastKnownFileType = sourcecode.c.objc; path = "UIRefreshControl+AFNetworking.m"; sourceTree = "<group>"; };
		C112C0791935B159001F6E94 /* UIWebView+AFNetworking.h */ = {isa = PBXFileReference; fileEncoding = 4; lastKnownFileType = sourcecode.c.h; path = "UIWebView+AFNetworking.h"; sourceTree = "<group>"; };
		C112C07A1935B159001F6E94 /* UIWebView+AFNetworking.m */ = {isa = PBXFileReference; fileEncoding = 4; lastKnownFileType = sourcecode.c.objc; path = "UIWebView+AFNetworking.m"; sourceTree = "<group>"; };
		C112C08F1935F3E8001F6E94 /* NSDictionary+weather.h */ = {isa = PBXFileReference; fileEncoding = 4; lastKnownFileType = sourcecode.c.h; path = "NSDictionary+weather.h"; sourceTree = "<group>"; };
		C112C0901935F3E8001F6E94 /* NSDictionary+weather.m */ = {isa = PBXFileReference; fileEncoding = 4; lastKnownFileType = sourcecode.c.objc; path = "NSDictionary+weather.m"; sourceTree = "<group>"; };
		C15A658D19389407002D7145 /* XMLReader.h */ = {isa = PBXFileReference; fileEncoding = 4; lastKnownFileType = sourcecode.c.h; path = XMLReader.h; sourceTree = "<group>"; };
		C15A658E19389407002D7145 /* XMLReader.m */ = {isa = PBXFileReference; fileEncoding = 4; lastKnownFileType = sourcecode.c.objc; path = XMLReader.m; sourceTree = "<group>"; };
		C1D4FF0F1941E1C20050075E /* JSON.h */ = {isa = PBXFileReference; fileEncoding = 4; lastKnownFileType = sourcecode.c.h; path = JSON.h; sourceTree = "<group>"; };
		C1D4FF101941E1C20050075E /* NSObject+SBJSON.h */ = {isa = PBXFileReference; fileEncoding = 4; lastKnownFileType = sourcecode.c.h; path = "NSObject+SBJSON.h"; sourceTree = "<group>"; };
		C1D4FF111941E1C20050075E /* NSObject+SBJSON.m */ = {isa = PBXFileReference; fileEncoding = 4; lastKnownFileType = sourcecode.c.objc; path = "NSObject+SBJSON.m"; sourceTree = "<group>"; };
		C1D4FF121941E1C20050075E /* NSString+SBJSON.h */ = {isa = PBXFileReference; fileEncoding = 4; lastKnownFileType = sourcecode.c.h; path = "NSString+SBJSON.h"; sourceTree = "<group>"; };
		C1D4FF131941E1C20050075E /* NSString+SBJSON.m */ = {isa = PBXFileReference; fileEncoding = 4; lastKnownFileType = sourcecode.c.objc; path = "NSString+SBJSON.m"; sourceTree = "<group>"; };
		C1D4FF141941E1C30050075E /* SBJSON.h */ = {isa = PBXFileReference; fileEncoding = 4; lastKnownFileType = sourcecode.c.h; path = SBJSON.h; sourceTree = "<group>"; };
		C1D4FF151941E1C30050075E /* SBJSON.m */ = {isa = PBXFileReference; fileEncoding = 4; lastKnownFileType = sourcecode.c.objc; path = SBJSON.m; sourceTree = "<group>"; };
		C1D4FF161941E1C30050075E /* SBJsonBase.h */ = {isa = PBXFileReference; fileEncoding = 4; lastKnownFileType = sourcecode.c.h; path = SBJsonBase.h; sourceTree = "<group>"; };
		C1D4FF171941E1C30050075E /* SBJsonBase.m */ = {isa = PBXFileReference; fileEncoding = 4; lastKnownFileType = sourcecode.c.objc; path = SBJsonBase.m; sourceTree = "<group>"; };
		C1D4FF181941E1C30050075E /* SBJsonParser.h */ = {isa = PBXFileReference; fileEncoding = 4; lastKnownFileType = sourcecode.c.h; path = SBJsonParser.h; sourceTree = "<group>"; };
		C1D4FF191941E1C30050075E /* SBJsonParser.m */ = {isa = PBXFileReference; fileEncoding = 4; lastKnownFileType = sourcecode.c.objc; path = SBJsonParser.m; sourceTree = "<group>"; };
		C1D4FF1A1941E1C30050075E /* SBJsonWriter.h */ = {isa = PBXFileReference; fileEncoding = 4; lastKnownFileType = sourcecode.c.h; path = SBJsonWriter.h; sourceTree = "<group>"; };
		C1D4FF1B1941E1C30050075E /* SBJsonWriter.m */ = {isa = PBXFileReference; fileEncoding = 4; lastKnownFileType = sourcecode.c.objc; path = SBJsonWriter.m; sourceTree = "<group>"; };
/* End PBXFileReference section */

/* Begin PBXFrameworksBuildPhase section */
		C112C0181935AE40001F6E94 /* Frameworks */ = {
			isa = PBXFrameworksBuildPhase;
			buildActionMask = 2147483647;
			files = (
				C112C0211935AE41001F6E94 /* CoreGraphics.framework in Frameworks */,
				C112C0231935AE41001F6E94 /* UIKit.framework in Frameworks */,
				C112C01F1935AE41001F6E94 /* Foundation.framework in Frameworks */,
			);
			runOnlyForDeploymentPostprocessing = 0;
		};
		C112C0391935AE41001F6E94 /* Frameworks */ = {
			isa = PBXFrameworksBuildPhase;
			buildActionMask = 2147483647;
			files = (
				C112C03E1935AE41001F6E94 /* XCTest.framework in Frameworks */,
				C112C0401935AE41001F6E94 /* UIKit.framework in Frameworks */,
				C112C03F1935AE41001F6E94 /* Foundation.framework in Frameworks */,
			);
			runOnlyForDeploymentPostprocessing = 0;
		};
/* End PBXFrameworksBuildPhase section */

/* Begin PBXGroup section */
		C112C0121935AE40001F6E94 = {
			isa = PBXGroup;
			children = (
				C112C0551935B159001F6E94 /* AFNetworking */,
				C112C0691935B159001F6E94 /* UIKit+AFNetworking */,
				C112C0241935AE41001F6E94 /* AfNetworking Demo */,
				C112C0431935AE41001F6E94 /* AfNetworking DemoTests */,
				C112C01D1935AE41001F6E94 /* Frameworks */,
				C112C01C1935AE41001F6E94 /* Products */,
			);
			sourceTree = "<group>";
		};
		C112C01C1935AE41001F6E94 /* Products */ = {
			isa = PBXGroup;
			children = (
				C112C01B1935AE41001F6E94 /* AfNetworking Demo.app */,
				C112C03C1935AE41001F6E94 /* AfNetworking DemoTests.xctest */,
			);
			name = Products;
			sourceTree = "<group>";
		};
		C112C01D1935AE41001F6E94 /* Frameworks */ = {
			isa = PBXGroup;
			children = (
				C112C01E1935AE41001F6E94 /* Foundation.framework */,
				C112C0201935AE41001F6E94 /* CoreGraphics.framework */,
				C112C0221935AE41001F6E94 /* UIKit.framework */,
				C112C03D1935AE41001F6E94 /* XCTest.framework */,
			);
			name = Frameworks;
			sourceTree = "<group>";
		};
		C112C0241935AE41001F6E94 /* AfNetworking Demo */ = {
			isa = PBXGroup;
			children = (
				C112C08F1935F3E8001F6E94 /* NSDictionary+weather.h */,
				C112C0901935F3E8001F6E94 /* NSDictionary+weather.m */,
				C112C02D1935AE41001F6E94 /* AppDelegate.h */,
				C112C02E1935AE41001F6E94 /* AppDelegate.m */,
				C112C0331935AE41001F6E94 /* ViewController.h */,
				C112C0341935AE41001F6E94 /* ViewController.m */,
				C112C0531935AE8C001F6E94 /* ViewController.xib */,
				C112C0361935AE41001F6E94 /* Images.xcassets */,
				C112C0251935AE41001F6E94 /* Supporting Files */,
			);
			path = "AfNetworking Demo";
			sourceTree = "<group>";
		};
		C112C0251935AE41001F6E94 /* Supporting Files */ = {
			isa = PBXGroup;
			children = (
				C112C0261935AE41001F6E94 /* AfNetworking Demo-Info.plist */,
				C112C0271935AE41001F6E94 /* InfoPlist.strings */,
				C112C02A1935AE41001F6E94 /* main.m */,
				C112C02C1935AE41001F6E94 /* AfNetworking Demo-Prefix.pch */,
			);
			name = "Supporting Files";
			sourceTree = "<group>";
		};
		C112C0431935AE41001F6E94 /* AfNetworking DemoTests */ = {
			isa = PBXGroup;
			children = (
				C112C0491935AE41001F6E94 /* AfNetworking_DemoTests.m */,
				C112C0441935AE41001F6E94 /* Supporting Files */,
			);
			path = "AfNetworking DemoTests";
			sourceTree = "<group>";
		};
		C112C0441935AE41001F6E94 /* Supporting Files */ = {
			isa = PBXGroup;
			children = (
				C112C0451935AE41001F6E94 /* AfNetworking DemoTests-Info.plist */,
				C112C0461935AE41001F6E94 /* InfoPlist.strings */,
			);
			name = "Supporting Files";
			sourceTree = "<group>";
		};
		C112C0551935B159001F6E94 /* AFNetworking */ = {
			isa = PBXGroup;
			children = (
				C1D4FF0F1941E1C20050075E /* JSON.h */,
				C1D4FF101941E1C20050075E /* NSObject+SBJSON.h */,
				C1D4FF111941E1C20050075E /* NSObject+SBJSON.m */,
				C1D4FF121941E1C20050075E /* NSString+SBJSON.h */,
				C1D4FF131941E1C20050075E /* NSString+SBJSON.m */,
				C1D4FF141941E1C30050075E /* SBJSON.h */,
				C1D4FF151941E1C30050075E /* SBJSON.m */,
				C1D4FF161941E1C30050075E /* SBJsonBase.h */,
				C1D4FF171941E1C30050075E /* SBJsonBase.m */,
				C1D4FF181941E1C30050075E /* SBJsonParser.h */,
				C1D4FF191941E1C30050075E /* SBJsonParser.m */,
				C1D4FF1A1941E1C30050075E /* SBJsonWriter.h */,
				C1D4FF1B1941E1C30050075E /* SBJsonWriter.m */,
				C15A658D19389407002D7145 /* XMLReader.h */,
				C15A658E19389407002D7145 /* XMLReader.m */,
				C112C0561935B159001F6E94 /* AFHTTPRequestOperation.h */,
				C112C0571935B159001F6E94 /* AFHTTPRequestOperation.m */,
				C112C0581935B159001F6E94 /* AFHTTPRequestOperationManager.h */,
				C112C0591935B159001F6E94 /* AFHTTPRequestOperationManager.m */,
				C112C05A1935B159001F6E94 /* AFHTTPSessionManager.h */,
				C112C05B1935B159001F6E94 /* AFHTTPSessionManager.m */,
				C112C05C1935B159001F6E94 /* AFNetworking.h */,
				C112C05D1935B159001F6E94 /* AFNetworkReachabilityManager.h */,
				C112C05E1935B159001F6E94 /* AFNetworkReachabilityManager.m */,
				C112C05F1935B159001F6E94 /* AFSecurityPolicy.h */,
				C112C0601935B159001F6E94 /* AFSecurityPolicy.m */,
				C112C0611935B159001F6E94 /* AFURLConnectionOperation.h */,
				C112C0621935B159001F6E94 /* AFURLConnectionOperation.m */,
				C112C0631935B159001F6E94 /* AFURLRequestSerialization.h */,
				C112C0641935B159001F6E94 /* AFURLRequestSerialization.m */,
				C112C0651935B159001F6E94 /* AFURLResponseSerialization.h */,
				C112C0661935B159001F6E94 /* AFURLResponseSerialization.m */,
				C112C0671935B159001F6E94 /* AFURLSessionManager.h */,
				C112C0681935B159001F6E94 /* AFURLSessionManager.m */,
			);
			path = AFNetworking;
			sourceTree = "<group>";
		};
		C112C0691935B159001F6E94 /* UIKit+AFNetworking */ = {
			isa = PBXGroup;
			children = (
				C112C06A1935B159001F6E94 /* AFNetworkActivityIndicatorManager.h */,
				C112C06B1935B159001F6E94 /* AFNetworkActivityIndicatorManager.m */,
				C112C06C1935B159001F6E94 /* UIActivityIndicatorView+AFNetworking.h */,
				C112C06D1935B159001F6E94 /* UIActivityIndicatorView+AFNetworking.m */,
				C112C06E1935B159001F6E94 /* UIAlertView+AFNetworking.h */,
				C112C06F1935B159001F6E94 /* UIAlertView+AFNetworking.m */,
				C112C0701935B159001F6E94 /* UIButton+AFNetworking.h */,
				C112C0711935B159001F6E94 /* UIButton+AFNetworking.m */,
				C112C0721935B159001F6E94 /* UIImageView+AFNetworking.h */,
				C112C0731935B159001F6E94 /* UIImageView+AFNetworking.m */,
				C112C0741935B159001F6E94 /* UIKit+AFNetworking.h */,
				C112C0751935B159001F6E94 /* UIProgressView+AFNetworking.h */,
				C112C0761935B159001F6E94 /* UIProgressView+AFNetworking.m */,
				C112C0771935B159001F6E94 /* UIRefreshControl+AFNetworking.h */,
				C112C0781935B159001F6E94 /* UIRefreshControl+AFNetworking.m */,
				C112C0791935B159001F6E94 /* UIWebView+AFNetworking.h */,
				C112C07A1935B159001F6E94 /* UIWebView+AFNetworking.m */,
			);
			path = "UIKit+AFNetworking";
			sourceTree = "<group>";
		};
/* End PBXGroup section */

/* Begin PBXNativeTarget section */
		C112C01A1935AE40001F6E94 /* AfNetworking Demo */ = {
			isa = PBXNativeTarget;
			buildConfigurationList = C112C04D1935AE41001F6E94 /* Build configuration list for PBXNativeTarget "AfNetworking Demo" */;
			buildPhases = (
				C112C0171935AE40001F6E94 /* Sources */,
				C112C0181935AE40001F6E94 /* Frameworks */,
				C112C0191935AE40001F6E94 /* Resources */,
			);
			buildRules = (
			);
			dependencies = (
			);
			name = "AfNetworking Demo";
			productName = "AfNetworking Demo";
			productReference = C112C01B1935AE41001F6E94 /* AfNetworking Demo.app */;
			productType = "com.apple.product-type.application";
		};
		C112C03B1935AE41001F6E94 /* AfNetworking DemoTests */ = {
			isa = PBXNativeTarget;
			buildConfigurationList = C112C0501935AE41001F6E94 /* Build configuration list for PBXNativeTarget "AfNetworking DemoTests" */;
			buildPhases = (
				C112C0381935AE41001F6E94 /* Sources */,
				C112C0391935AE41001F6E94 /* Frameworks */,
				C112C03A1935AE41001F6E94 /* Resources */,
			);
			buildRules = (
			);
			dependencies = (
				C112C0421935AE41001F6E94 /* PBXTargetDependency */,
			);
			name = "AfNetworking DemoTests";
			productName = "AfNetworking DemoTests";
			productReference = C112C03C1935AE41001F6E94 /* AfNetworking DemoTests.xctest */;
			productType = "com.apple.product-type.bundle.unit-test";
		};
/* End PBXNativeTarget section */

/* Begin PBXProject section */
		C112C0131935AE40001F6E94 /* Project object */ = {
			isa = PBXProject;
			attributes = {
				LastUpgradeCheck = 0510;
				ORGANIZATIONNAME = Dottechnologies;
				TargetAttributes = {
					C112C03B1935AE41001F6E94 = {
						TestTargetID = C112C01A1935AE40001F6E94;
					};
				};
			};
			buildConfigurationList = C112C0161935AE40001F6E94 /* Build configuration list for PBXProject "AfNetworking Demo" */;
			compatibilityVersion = "Xcode 3.2";
			developmentRegion = English;
			hasScannedForEncodings = 0;
			knownRegions = (
				en,
				Base,
			);
			mainGroup = C112C0121935AE40001F6E94;
			productRefGroup = C112C01C1935AE41001F6E94 /* Products */;
			projectDirPath = "";
			projectRoot = "";
			targets = (
				C112C01A1935AE40001F6E94 /* AfNetworking Demo */,
				C112C03B1935AE41001F6E94 /* AfNetworking DemoTests */,
			);
		};
/* End PBXProject section */

/* Begin PBXResourcesBuildPhase section */
		C112C0191935AE40001F6E94 /* Resources */ = {
			isa = PBXResourcesBuildPhase;
			buildActionMask = 2147483647;
			files = (
				C112C0371935AE41001F6E94 /* Images.xcassets in Resources */,
				C112C0541935AE8C001F6E94 /* ViewController.xib in Resources */,
				C112C0291935AE41001F6E94 /* InfoPlist.strings in Resources */,
			);
			runOnlyForDeploymentPostprocessing = 0;
		};
		C112C03A1935AE41001F6E94 /* Resources */ = {
			isa = PBXResourcesBuildPhase;
			buildActionMask = 2147483647;
			files = (
				C112C0481935AE41001F6E94 /* InfoPlist.strings in Resources */,
			);
			runOnlyForDeploymentPostprocessing = 0;
		};
/* End PBXResourcesBuildPhase section */

/* Begin PBXSourcesBuildPhase section */
		C112C0171935AE40001F6E94 /* Sources */ = {
			isa = PBXSourcesBuildPhase;
			buildActionMask = 2147483647;
			files = (
				C112C07B1935B159001F6E94 /* AFHTTPRequestOperation.m in Sources */,
				C112C0881935B159001F6E94 /* UIImageView+AFNetworking.m in Sources */,
				C112C0351935AE41001F6E94 /* ViewController.m in Sources */,
				C112C07C1935B159001F6E94 /* AFHTTPRequestOperationManager.m in Sources */,
				C112C0891935B159001F6E94 /* UIProgressView+AFNetworking.m in Sources */,
				C112C07E1935B159001F6E94 /* AFNetworkReachabilityManager.m in Sources */,
				C15A658F19389407002D7145 /* XMLReader.m in Sources */,
				C112C0821935B159001F6E94 /* AFURLResponseSerialization.m in Sources */,
				C112C0801935B159001F6E94 /* AFURLConnectionOperation.m in Sources */,
				C112C0871935B159001F6E94 /* UIButton+AFNetworking.m in Sources */,
				C112C0851935B159001F6E94 /* UIActivityIndicatorView+AFNetworking.m in Sources */,
				C112C07F1935B159001F6E94 /* AFSecurityPolicy.m in Sources */,
				C112C0911935F3E8001F6E94 /* NSDictionary+weather.m in Sources */,
				C1D4FF1C1941E1C30050075E /* NSObject+SBJSON.m in Sources */,
				C112C08A1935B159001F6E94 /* UIRefreshControl+AFNetworking.m in Sources */,
				C112C08B1935B159001F6E94 /* UIWebView+AFNetworking.m in Sources */,
				C112C07D1935B159001F6E94 /* AFHTTPSessionManager.m in Sources */,
				C1D4FF1F1941E1C30050075E /* SBJsonBase.m in Sources */,
				C112C0861935B159001F6E94 /* UIAlertView+AFNetworking.m in Sources */,
				C112C0811935B159001F6E94 /* AFURLRequestSerialization.m in Sources */,
				C112C0841935B159001F6E94 /* AFNetworkActivityIndicatorManager.m in Sources */,
				C1D4FF211941E1C30050075E /* SBJsonWriter.m in Sources */,
				C112C0831935B159001F6E94 /* AFURLSessionManager.m in Sources */,
				C112C02F1935AE41001F6E94 /* AppDelegate.m in Sources */,
				C1D4FF1D1941E1C30050075E /* NSString+SBJSON.m in Sources */,
				C1D4FF201941E1C30050075E /* SBJsonParser.m in Sources */,
				C112C02B1935AE41001F6E94 /* main.m in Sources */,
				C1D4FF1E1941E1C30050075E /* SBJSON.m in Sources */,
			);
			runOnlyForDeploymentPostprocessing = 0;
		};
		C112C0381935AE41001F6E94 /* Sources */ = {
			isa = PBXSourcesBuildPhase;
			buildActionMask = 2147483647;
			files = (
				C112C04A1935AE41001F6E94 /* AfNetworking_DemoTests.m in Sources */,
			);
			runOnlyForDeploymentPostprocessing = 0;
		};
/* End PBXSourcesBuildPhase section */

/* Begin PBXTargetDependency section */
		C112C0421935AE41001F6E94 /* PBXTargetDependency */ = {
			isa = PBXTargetDependency;
			target = C112C01A1935AE40001F6E94 /* AfNetworking Demo */;
			targetProxy = C112C0411935AE41001F6E94 /* PBXContainerItemProxy */;
		};
/* End PBXTargetDependency section */

/* Begin PBXVariantGroup section */
		C112C0271935AE41001F6E94 /* InfoPlist.strings */ = {
			isa = PBXVariantGroup;
			children = (
				C112C0281935AE41001F6E94 /* en */,
			);
			name = InfoPlist.strings;
			sourceTree = "<group>";
		};
		C112C0461935AE41001F6E94 /* InfoPlist.strings */ = {
			isa = PBXVariantGroup;
			children = (
				C112C0471935AE41001F6E94 /* en */,
			);
			name = InfoPlist.strings;
			sourceTree = "<group>";
		};
/* End PBXVariantGroup section */

/* Begin XCBuildConfiguration section */
		C112C04B1935AE41001F6E94 /* Debug */ = {
			isa = XCBuildConfiguration;
			buildSettings = {
				ALWAYS_SEARCH_USER_PATHS = NO;
				CLANG_CXX_LANGUAGE_STANDARD = "gnu++0x";
				CLANG_CXX_LIBRARY = "libc++";
				CLANG_ENABLE_MODULES = YES;
				CLANG_ENABLE_OBJC_ARC = YES;
				CLANG_WARN_BOOL_CONVERSION = YES;
				CLANG_WARN_CONSTANT_CONVERSION = YES;
				CLANG_WARN_DIRECT_OBJC_ISA_USAGE = YES_ERROR;
				CLANG_WARN_EMPTY_BODY = YES;
				CLANG_WARN_ENUM_CONVERSION = YES;
				CLANG_WARN_INT_CONVERSION = YES;
				CLANG_WARN_OBJC_ROOT_CLASS = YES_ERROR;
				CLANG_WARN__DUPLICATE_METHOD_MATCH = YES;
				"CODE_SIGN_IDENTITY[sdk=iphoneos*]" = "iPhone Developer";
				COPY_PHASE_STRIP = NO;
				GCC_C_LANGUAGE_STANDARD = gnu99;
				GCC_DYNAMIC_NO_PIC = NO;
				GCC_OPTIMIZATION_LEVEL = 0;
				GCC_PREPROCESSOR_DEFINITIONS = (
					"DEBUG=1",
					"$(inherited)",
				);
				GCC_SYMBOLS_PRIVATE_EXTERN = NO;
				GCC_WARN_64_TO_32_BIT_CONVERSION = YES;
				GCC_WARN_ABOUT_RETURN_TYPE = YES_ERROR;
				GCC_WARN_UNDECLARED_SELECTOR = YES;
				GCC_WARN_UNINITIALIZED_AUTOS = YES_AGGRESSIVE;
				GCC_WARN_UNUSED_FUNCTION = YES;
				GCC_WARN_UNUSED_VARIABLE = YES;
				IPHONEOS_DEPLOYMENT_TARGET = 7.1;
				ONLY_ACTIVE_ARCH = YES;
				SDKROOT = iphoneos;
			};
			name = Debug;
		};
		C112C04C1935AE41001F6E94 /* Release */ = {
			isa = XCBuildConfiguration;
			buildSettings = {
				ALWAYS_SEARCH_USER_PATHS = NO;
				CLANG_CXX_LANGUAGE_STANDARD = "gnu++0x";
				CLANG_CXX_LIBRARY = "libc++";
				CLANG_ENABLE_MODULES = YES;
				CLANG_ENABLE_OBJC_ARC = YES;
				CLANG_WARN_BOOL_CONVERSION = YES;
				CLANG_WARN_CONSTANT_CONVERSION = YES;
				CLANG_WARN_DIRECT_OBJC_ISA_USAGE = YES_ERROR;
				CLANG_WARN_EMPTY_BODY = YES;
				CLANG_WARN_ENUM_CONVERSION = YES;
				CLANG_WARN_INT_CONVERSION = YES;
				CLANG_WARN_OBJC_ROOT_CLASS = YES_ERROR;
				CLANG_WARN__DUPLICATE_METHOD_MATCH = YES;
				"CODE_SIGN_IDENTITY[sdk=iphoneos*]" = "iPhone Developer";
				COPY_PHASE_STRIP = YES;
				ENABLE_NS_ASSERTIONS = NO;
				GCC_C_LANGUAGE_STANDARD = gnu99;
				GCC_WARN_64_TO_32_BIT_CONVERSION = YES;
				GCC_WARN_ABOUT_RETURN_TYPE = YES_ERROR;
				GCC_WARN_UNDECLARED_SELECTOR = YES;
				GCC_WARN_UNINITIALIZED_AUTOS = YES_AGGRESSIVE;
				GCC_WARN_UNUSED_FUNCTION = YES;
				GCC_WARN_UNUSED_VARIABLE = YES;
				IPHONEOS_DEPLOYMENT_TARGET = 7.1;
				SDKROOT = iphoneos;
				VALIDATE_PRODUCT = YES;
			};
			name = Release;
		};
		C112C04E1935AE41001F6E94 /* Debug */ = {
			isa = XCBuildConfiguration;
			buildSettings = {
				ASSETCATALOG_COMPILER_APPICON_NAME = AppIcon;
				ASSETCATALOG_COMPILER_LAUNCHIMAGE_NAME = LaunchImage;
				FRAMEWORK_SEARCH_PATHS = (
					"$(inherited)",
					"$(DEVELOPER_FRAMEWORKS_DIR)",
				);
				GCC_PRECOMPILE_PREFIX_HEADER = YES;
				GCC_PREFIX_HEADER = "AfNetworking Demo/AfNetworking Demo-Prefix.pch";
				INFOPLIST_FILE = "AfNetworking Demo/AfNetworking Demo-Info.plist";
				PRODUCT_NAME = "$(TARGET_NAME)";
				WRAPPER_EXTENSION = app;
			};
			name = Debug;
		};
		C112C04F1935AE41001F6E94 /* Release */ = {
			isa = XCBuildConfiguration;
			buildSettings = {
				ASSETCATALOG_COMPILER_APPICON_NAME = AppIcon;
				ASSETCATALOG_COMPILER_LAUNCHIMAGE_NAME = LaunchImage;
				FRAMEWORK_SEARCH_PATHS = (
					"$(inherited)",
					"$(DEVELOPER_FRAMEWORKS_DIR)",
				);
				GCC_PRECOMPILE_PREFIX_HEADER = YES;
				GCC_PREFIX_HEADER = "AfNetworking Demo/AfNetworking Demo-Prefix.pch";
				INFOPLIST_FILE = "AfNetworking Demo/AfNetworking Demo-Info.plist";
				PRODUCT_NAME = "$(TARGET_NAME)";
				WRAPPER_EXTENSION = app;
			};
			name = Release;
		};
		C112C0511935AE41001F6E94 /* Debug */ = {
			isa = XCBuildConfiguration;
			buildSettings = {
				BUNDLE_LOADER = "$(BUILT_PRODUCTS_DIR)/AfNetworking Demo.app/AfNetworking Demo";
				FRAMEWORK_SEARCH_PATHS = (
					"$(SDKROOT)/Developer/Library/Frameworks",
					"$(inherited)",
					"$(DEVELOPER_FRAMEWORKS_DIR)",
				);
				GCC_PRECOMPILE_PREFIX_HEADER = YES;
				GCC_PREFIX_HEADER = "AfNetworking Demo/AfNetworking Demo-Prefix.pch";
				GCC_PREPROCESSOR_DEFINITIONS = (
					"DEBUG=1",
					"$(inherited)",
				);
				INFOPLIST_FILE = "AfNetworking DemoTests/AfNetworking DemoTests-Info.plist";
				PRODUCT_NAME = "$(TARGET_NAME)";
				TEST_HOST = "$(BUNDLE_LOADER)";
				WRAPPER_EXTENSION = xctest;
			};
			name = Debug;
		};
		C112C0521935AE41001F6E94 /* Release */ = {
			isa = XCBuildConfiguration;
			buildSettings = {
				BUNDLE_LOADER = "$(BUILT_PRODUCTS_DIR)/AfNetworking Demo.app/AfNetworking Demo";
				FRAMEWORK_SEARCH_PATHS = (
					"$(SDKROOT)/Developer/Library/Frameworks",
					"$(inherited)",
					"$(DEVELOPER_FRAMEWORKS_DIR)",
				);
				GCC_PRECOMPILE_PREFIX_HEADER = YES;
				GCC_PREFIX_HEADER = "AfNetworking Demo/AfNetworking Demo-Prefix.pch";
				INFOPLIST_FILE = "AfNetworking DemoTests/AfNetworking DemoTests-Info.plist";
				PRODUCT_NAME = "$(TARGET_NAME)";
				TEST_HOST = "$(BUNDLE_LOADER)";
				WRAPPER_EXTENSION = xctest;
			};
			name = Release;
		};
/* End XCBuildConfiguration section */

/* Begin XCConfigurationList section */
		C112C0161935AE40001F6E94 /* Build configuration list for PBXProject "AfNetworking Demo" */ = {
			isa = XCConfigurationList;
			buildConfigurations = (
				C112C04B1935AE41001F6E94 /* Debug */,
				C112C04C1935AE41001F6E94 /* Release */,
			);
			defaultConfigurationIsVisible = 0;
			defaultConfigurationName = Release;
		};
		C112C04D1935AE41001F6E94 /* Build configuration list for PBXNativeTarget "AfNetworking Demo" */ = {
			isa = XCConfigurationList;
			buildConfigurations = (
				C112C04E1935AE41001F6E94 /* Debug */,
				C112C04F1935AE41001F6E94 /* Release */,
			);
			defaultConfigurationIsVisible = 0;
			defaultConfigurationName = Release;
		};
		C112C0501935AE41001F6E94 /* Build configuration list for PBXNativeTarget "AfNetworking DemoTests" */ = {
			isa = XCConfigurationList;
			buildConfigurations = (
				C112C0511935AE41001F6E94 /* Debug */,
				C112C0521935AE41001F6E94 /* Release */,
			);
			defaultConfigurationIsVisible = 0;
			defaultConfigurationName = Release;
		};
/* End XCConfigurationList section */
	};
	rootObject = C112C0131935AE40001F6E94 /* Project object */;
}
